{
    "hash": "599d5ad032d138fca5f848e9bff29c9b",
    "packages": [
        {
            "name": "emmetog/cache",
            "version": "dev-master",
            "source": {
                "type": "git",
                "url": "https://github.com/emmetog/cache.git",
                "reference": "d03afe9078e868986bfcd13ea5f9af41b540acc9"
            },
            "dist": {
                "type": "zip",
                "url": "https://api.github.com/repos/emmetog/cache/zipball/d03afe9078e868986bfcd13ea5f9af41b540acc9",
                "reference": "d03afe9078e868986bfcd13ea5f9af41b540acc9",
                "shasum": ""
            },
            "type": "library",
            "autoload": {
                "psr-0": {
                    "Emmetog\\Cache\\": "src"
                }
            },
            "license": [
                "GPL-3.0"
            ],
            "authors": [
                {
                    "name": "Emmet O'Grady",
                    "email": "emmet789@gmail.com"
                }
            ],
            "description": "Classes that act as caches",
            "keywords": [
                "cache"
            ],
            "support": {
                "source": "https://github.com/emmetog/cache/tree/master",
                "issues": "https://github.com/emmetog/cache/issues"
            },
            "time": "2013-03-28 20:31:46"
        },
        {
            "name": "emmetog/config",
            "version": "dev-master",
            "source": {
                "type": "git",
                "url": "https://github.com/emmetog/config.git",
                "reference": "4cff22560ddd21c9dbe4a7c3016410bea604158d"
            },
            "dist": {
                "type": "zip",
                "url": "https://api.github.com/repos/emmetog/config/zipball/4cff22560ddd21c9dbe4a7c3016410bea604158d",
                "reference": "4cff22560ddd21c9dbe4a7c3016410bea604158d",
                "shasum": ""
            },
            "require": {
                "emmetog/cache": "@dev"
            },
            "type": "library",
            "autoload": {
                "psr-0": {
                    "Emmetog\\Config\\": "src"
                }
            },
            "license": [
                "GPL-3.0"
            ],
            "authors": [
                {
                    "name": "Emmet O'Grady",
                    "email": "emmet789@gmail.com"
                }
            ],
            "description": "Makes loading and using config files easier",
            "keywords": [
                "config"
            ],
            "support": {
                "source": "https://github.com/emmetog/config/tree/master",
                "issues": "https://github.com/emmetog/config/issues"
            },
            "time": "2013-03-28 20:33:08"
        },
        {
            "name": "emmetog/database",
            "version": "dev-master",
            "source": {
                "type": "git",
                "url": "https://github.com/emmetog/database.git",
                "reference": "42eda0264f82771cece092e0981b46dca88124eb"
            },
            "dist": {
                "type": "zip",
                "url": "https://api.github.com/repos/emmetog/database/zipball/42eda0264f82771cece092e0981b46dca88124eb",
                "reference": "42eda0264f82771cece092e0981b46dca88124eb",
                "shasum": ""
            },
            "require": {
                "emmetog/cache": "@dev",
                "emmetog/config": "@dev"
            },
            "type": "library",
            "autoload": {
                "psr-0": {
                    "Emmetog\\Database\\": "src"
                }
            },
            "license": [
                "GPL-3.0"
            ],
            "authors": [
                {
                    "name": "Emmet O'Grady",
                    "email": "emmet789@gmail.com"
                }
            ],
            "description": "A library to manage database connections",
            "keywords": [
                "connection",
                "database",
                "mysql",
                "pdo"
            ],
            "support": {
                "source": "https://github.com/emmetog/database/tree/master",
                "issues": "https://github.com/emmetog/database/issues"
            },
            "time": "2013-03-30 13:25:20"
        },
        {
            "name": "twig/twig",
            "version": "v1.12.2",
            "source": {
                "type": "git",
                "url": "git://github.com/fabpot/Twig.git",
                "reference": "v1.12.2"
            },
            "dist": {
                "type": "zip",
                "url": "https://api.github.com/repos/fabpot/Twig/zipball/v1.12.2",
                "reference": "v1.12.2",
                "shasum": ""
            },
            "require": {
                "php": ">=5.2.4"
            },
            "type": "library",
            "extra": {
                "branch-alias": {
                    "dev-master": "1.12-dev"
                }
            },
            "autoload": {
                "psr-0": {
                    "Twig_": "lib/"
                }
            },
            "notification-url": "https://packagist.org/downloads/",
            "license": [
                "BSD-3"
            ],
            "authors": [
                {
                    "name": "Fabien Potencier",
                    "email": "fabien@symfony.com"
                },
                {
                    "name": "Armin Ronacher",
                    "email": "armin.ronacher@active-4.com"
                }
            ],
            "description": "Twig, the flexible, fast, and secure template language for PHP",
            "homepage": "http://twig.sensiolabs.org",
            "keywords": [
                "templating"
            ],
            "time": "2013-02-09 18:21:53"
        }
    ],
    "packages-dev": [

    ],
    "aliases": [

    ],
    "minimum-stability": "stable",
    "stability-flags": {
        "emmetog/config": 20,
        "emmetog/cache": 20,
        "emmetog/database": 20
    },
    "platform": [

    ],
    "platform-dev": [

    ]
}
