{
    "_readme": [
        "This file locks the dependencies of your project to a known state",
        "Read more about it at http://getcomposer.org/doc/01-basic-usage.md#composer-lock-the-lock-file"
    ],
    "hash": "248f7638a5836efec6659556f0662831",
    "packages": [
        {
            "name": "emmetog/cache",
            "version": "v1.0.0",
            "source": {
                "type": "git",
                "url": "https://github.com/emmetog/cache.git",
                "reference": "v1.0.0"
            },
            "dist": {
                "type": "zip",
                "url": "https://api.github.com/repos/emmetog/cache/zipball/v1.0.0",
                "reference": "v1.0.0",
                "shasum": ""
            },
            "type": "library",
            "autoload": {
                "psr-0": {
                    "Emmetog\\Cache\\": "src"
                }
            },
            "license": [
                "GPL-3.0"
            ],
            "authors": [
                {
                    "name": "Emmet O'Grady",
                    "email": "emmet789@gmail.com"
                }
            ],
            "description": "A collection of PHP classes which act as caches",
            "keywords": [
                "cache",
                "memecached",
                "registry"
            ],
            "support": {
                "source": "https://github.com/emmetog/cache/tree/v1.0.0",
                "issues": "https://github.com/emmetog/cache/issues"
            },
            "time": "2013-05-13 18:40:45"
        },
        {
            "name": "emmetog/config",
            "version": "v1.1.0",
            "source": {
                "type": "git",
                "url": "https://github.com/emmetog/config.git",
                "reference": "v1.1.0"
            },
            "dist": {
                "type": "zip",
                "url": "https://api.github.com/repos/emmetog/config/zipball/v1.1.0",
                "reference": "v1.1.0",
                "shasum": ""
            },
            "require": {
                "emmetog/cache": "1.0.*"
            },
            "type": "library",
            "autoload": {
                "psr-0": {
                    "Emmetog\\Config\\": "src"
                }
            },
            "license": [
                "GPL-3.0"
            ],
            "authors": [
                {
                    "name": "Emmet O'Grady",
                    "email": "emmet789@gmail.com"
                }
            ],
            "description": "Makes loading and using config files easier",
            "keywords": [
                "config"
            ],
            "support": {
                "source": "https://github.com/emmetog/config/tree/v1.1.0",
                "issues": "https://github.com/emmetog/config/issues"
            },
            "time": "2013-05-19 19:25:48"
        },
        {
            "name": "twig/twig",
            "version": "v1.13.0",
            "source": {
                "type": "git",
                "url": "https://github.com/fabpot/Twig.git",
                "reference": "v1.13.0"
            },
            "dist": {
                "type": "zip",
                "url": "https://api.github.com/repos/fabpot/Twig/zipball/v1.13.0",
                "reference": "v1.13.0",
                "shasum": ""
            },
            "require": {
                "php": ">=5.2.4"
            },
            "type": "library",
            "extra": {
                "branch-alias": {
                    "dev-master": "1.13-dev"
                }
            },
            "autoload": {
                "psr-0": {
                    "Twig_": "lib/"
                }
            },
            "notification-url": "https://packagist.org/downloads/",
            "license": [
                "BSD-3"
            ],
            "authors": [
                {
                    "name": "Fabien Potencier",
                    "email": "fabien@symfony.com"
                },
                {
                    "name": "Armin Ronacher",
                    "email": "armin.ronacher@active-4.com"
                }
            ],
            "description": "Twig, the flexible, fast, and secure template language for PHP",
            "homepage": "http://twig.sensiolabs.org",
            "keywords": [
                "templating"
            ],
            "time": "2013-05-10 15:12:43"
        }
    ],
    "packages-dev": [

    ],
    "aliases": [

    ],
    "minimum-stability": "stable",
    "stability-flags": [

    ],
    "platform": [

    ],
    "platform-dev": [

    ]
}
